
Microsoft Visual Studio Solution File, Format Version 12.00
# Visual Studio Version 16
VisualStudioVersion = 16.0.31129.286
MinimumVisualStudioVersion = 10.0.40219.1
Project("{FAE04EC0-301F-11D3-BF4B-00C04F79EFBC}") = "DZ1", "DZ1\DZ1.csproj", "{015BC059-7EBD-4755-AD1B-EBBCDCEDED0A}"
EndProject
Project("{FAE04EC0-301F-11D3-BF4B-00C04F79EFBC}") = "Class Library", "Class Library\Class Library.csproj", "{F4AF6EEF-3C0C-4804-9195-FDC37635534C}"
EndProject
Global
	GlobalSection(SolutionConfigurationPlatforms) = preSolution
		Debug|Any CPU = Debug|Any CPU
		Release|Any CPU = Release|Any CPU
	EndGlobalSection
	GlobalSection(ProjectConfigurationPlatforms) = postSolution
		{015BC059-7EBD-4755-AD1B-EBBCDCEDED0A}.Debug|Any CPU.ActiveCfg = Debug|Any CPU
		{015BC059-7EBD-4755-AD1B-EBBCDCEDED0A}.Debug|Any CPU.Build.0 = Debug|Any CPU
		{015BC059-7EBD-4755-AD1B-EBBCDCEDED0A}.Release|Any CPU.ActiveCfg = Release|Any CPU
		{015BC059-7EBD-4755-AD1B-EBBCDCEDED0A}.Release|Any CPU.Build.0 = Release|Any CPU
		{F4AF6EEF-3C0C-4804-9195-FDC37635534C}.Debug|Any CPU.ActiveCfg = Debug|Any CPU
		{F4AF6EEF-3C0C-4804-9195-FDC37635534C}.Debug|Any CPU.Build.0 = Debug|Any CPU
		{F4AF6EEF-3C0C-4804-9195-FDC37635534C}.Release|Any CPU.ActiveCfg = Release|Any CPU
		{F4AF6EEF-3C0C-4804-9195-FDC37635534C}.Release|Any CPU.Build.0 = Release|Any CPU
	EndGlobalSection
	GlobalSection(SolutionProperties) = preSolution
		HideSolutionNode = FALSE
	EndGlobalSection
	GlobalSection(ExtensibilityGlobals) = postSolution
		SolutionGuid = {BB740F7D-C662-4572-959A-95534D762EBD}
	EndGlobalSection
EndGlobal
